
Microsoft Visual Studio Solution File, Format Version 12.00
# Visual Studio Version 16
VisualStudioVersion = 16.0.29519.181
MinimumVisualStudioVersion = 10.0.40219.1
Project("{9A19103F-16F7-4668-BE54-9A1E7A4F7556}") = "TKE.SC.BFF.API", "Services\BackendForFrontend\TKE.SC.BFF.API\TKE.SC.BFF.API.csproj", "{434E1795-B217-404A-B90E-2FCCF13D2CA2}"
EndProject
Project("{2150E333-8FDC-42A3-9474-1A3956D46DE8}") = "Common", "Common", "{7C517C67-007C-4BE6-911D-5D868DB926A1}"
EndProject
Project("{9A19103F-16F7-4668-BE54-9A1E7A4F7556}") = "TKE.SC.Common.Model", "Common\TKE.SC.Common.Model\TKE.SC.Common.Model.csproj", "{0A33EB7E-0E02-4C30-B945-398A44CD6CCD}"
EndProject
Project("{2150E333-8FDC-42A3-9474-1A3956D46DE8}") = "BusinessProcess", "BusinessProcess", "{F5D54745-1839-44A2-991F-A6E84D5E4457}"
EndProject
Project("{2150E333-8FDC-42A3-9474-1A3956D46DE8}") = "BusinessProcessHelpers", "BusinessProcessHelpers", "{563AF395-3803-4CFF-B42F-2C73CE8653D6}"
EndProject
Project("{2150E333-8FDC-42A3-9474-1A3956D46DE8}") = "BusinessProcessInterfaces", "BusinessProcessInterfaces", "{BF4D31F3-F860-45D9-9A71-CA5B4E76CFEA}"
EndProject
Project("{2150E333-8FDC-42A3-9474-1A3956D46DE8}") = "BusinessProcessServices", "BusinessProcessServices", "{AD653212-266B-4201-9965-A7CD59482522}"
EndProject
Project("{9A19103F-16F7-4668-BE54-9A1E7A4F7556}") = "TKE.SC.BFF.BusinessProcess.Helpers", "Services\BackendForFrontend\BusinessProcess\TKE.SC.BFF.BusinessProcess.Helpers\TKE.SC.BFF.BusinessProcess.Helpers.csproj", "{AB9ECA74-4564-4F5D-ADA2-D8D081FDCCBC}"
EndProject
Project("{9A19103F-16F7-4668-BE54-9A1E7A4F7556}") = "TKE.SC.BFF.BusinessProcess.Interfaces", "Services\BackendForFrontend\BusinessProcess\TKE.SC.BFF.BusinessProcess.Interfaces\TKE.SC.BFF.BusinessProcess.Interfaces.csproj", "{3A594393-BD97-4CD5-B71C-6E3561E28EEF}"
EndProject
Project("{9A19103F-16F7-4668-BE54-9A1E7A4F7556}") = "TKE.SC.BFF.BusinessProcess.Services", "Services\BackendForFrontend\BusinessProcess\TKE.SC.BFF.BusinessProcess.Services\TKE.SC.BFF.BusinessProcess.Services.csproj", "{722A3B8C-E517-4BB5-B1BE-D16304DD125D}"
EndProject
Project("{2150E333-8FDC-42A3-9474-1A3956D46DE8}") = "DataAccess", "DataAccess", "{AC4CB610-758F-4673-87EF-39D4EEED089D}"
EndProject
Project("{2150E333-8FDC-42A3-9474-1A3956D46DE8}") = "DataAccessHelpers", "DataAccessHelpers", "{4110D1B1-EE41-4447-9919-113956E28352}"
EndProject
Project("{2150E333-8FDC-42A3-9474-1A3956D46DE8}") = "DataAccessInterfaces", "DataAccessInterfaces", "{F3654D66-C3C0-46F4-B70E-D738A3E3DF7F}"
EndProject
Project("{2150E333-8FDC-42A3-9474-1A3956D46DE8}") = "DataAccessServices", "DataAccessServices", "{5D7B6E9F-F994-4E5A-9680-3CD167EFCE8C}"
EndProject
Project("{9A19103F-16F7-4668-BE54-9A1E7A4F7556}") = "TKE.SC.BFF.DataAccess.Helpers", "Services\BackendForFrontend\DataAccess\TKE.SC.BFF.DataAccess.Helpers\TKE.SC.BFF.DataAccess.Helpers.csproj", "{C7524567-2D75-4FBB-814A-141BFC6E8D79}"
EndProject
Project("{9A19103F-16F7-4668-BE54-9A1E7A4F7556}") = "TKE.SC.BFF.DataAccess.Interfaces", "Services\BackendForFrontend\DataAccess\TKE.SC.BFF.DataAccess.Interfaces\TKE.SC.BFF.DataAccess.Interfaces.csproj", "{FF1FE932-8C21-4916-AC4E-6AC169162F21}"
EndProject
Project("{9A19103F-16F7-4668-BE54-9A1E7A4F7556}") = "TKE.SC.BFF.DataAccess.Services", "Services\BackendForFrontend\DataAccess\TKE.SC.BFF.DataAccess.Services\TKE.SC.BFF.DataAccess.Services.csproj", "{817B2792-CEF2-4EE9-AB5D-441855F30F94}"
EndProject
Project("{9A19103F-16F7-4668-BE54-9A1E7A4F7556}") = "TKE.SC.Common.Caching", "Common\TKE.SC.Common.Caching\TKE.SC.Common.Caching.csproj", "{6116AE9C-1D7F-466E-BB41-8D42732EC43C}"
EndProject
Project("{9A19103F-16F7-4668-BE54-9A1E7A4F7556}") = "TKE.SC.BFF.UnitTests", "Services\BackendForFrontend\UnitTests\TKE.SC.BFF.UnitTests.csproj", "{04C99B68-48A0-4B29-A759-A0E623FCDB02}"
EndProject
Project("{2150E333-8FDC-42A3-9474-1A3956D46DE8}") = "DatabaseSchema", "DatabaseSchema", "{ED99E2D2-FFE8-4E67-9F4E-6F87E1E75BB1}"
EndProject
Project("{00D1A9C2-B5F0-4AF3-8072-F6C62B433612}") = "TKE.SC.BFF.DatabaseSchema", "Services\BackendForFrontend\DatabaseSchema\TKE.SC.BFF.DatabaseSchema.sqlproj", "{902DDC2D-39E5-468A-837F-D0BC186BA055}"
EndProject
Project("{2150E333-8FDC-42A3-9474-1A3956D46DE8}") = "DocumentGenerator", "DocumentGenerator", "{FA446028-E737-42A3-AEEE-360C7C0D673C}"
EndProject
Project("{9A19103F-16F7-4668-BE54-9A1E7A4F7556}") = "TKE.SC.DocGen.API", "Services\DocumentGenerator\TKE.SC.DocGen.API\TKE.SC.DocGen.API.csproj", "{9D29C5C5-6183-4161-AF94-0CBE6E1006A6}"
EndProject
Project("{9A19103F-16F7-4668-BE54-9A1E7A4F7556}") = "TKE.SC.DocEngine", "Services\DocumentGenerator\Engines\TKE.SC.DocEngine\TKE.SC.DocEngine.csproj", "{1B39B172-98B5-4230-8330-EDF41054A44A}"
EndProject
Project("{2150E333-8FDC-42A3-9474-1A3956D46DE8}") = "Engines", "Engines", "{C83BF9B5-AEC3-4286-B0D8-96C298D881DD}"
EndProject
Project("{2150E333-8FDC-42A3-9474-1A3956D46DE8}") = "Contracts", "Contracts", "{F9987BFB-ABF7-447D-BC8C-3C9B88A0E8F0}"
EndProject
Project("{9A19103F-16F7-4668-BE54-9A1E7A4F7556}") = "TKE.SC.DocModel", "Services\DocumentGenerator\Contracts\TKE.SC.DocModel\TKE.SC.DocModel.csproj", "{6E3EEDF3-3113-40A6-920C-86C499151524}"
EndProject
Project("{2150E333-8FDC-42A3-9474-1A3956D46DE8}") = "IdentityServer", "IdentityServer", "{3A0821D0-7AFF-4FBC-B8D3-F7D87E7293D0}"
EndProject
Project("{9A19103F-16F7-4668-BE54-9A1E7A4F7556}") = "TKE.SC.Identity.API", "Services\IdentityServer\TKE.SC.IdentityServer\TKE.SC.Identity.API.csproj", "{05B7EA0B-E773-4E5D-BA0E-79C95498A428}"
EndProject
Project("{2150E333-8FDC-42A3-9474-1A3956D46DE8}") = "Services", "Services", "{7BEBFDEA-63C4-46A9-943E-F70211F8199A}"
EndProject
Project("{2150E333-8FDC-42A3-9474-1A3956D46DE8}") = "BackendForFrontend", "BackendForFrontend", "{77927B10-C168-4929-9458-5C4050A066A5}"
EndProject
Project("{2150E333-8FDC-42A3-9474-1A3956D46DE8}") = "UnitTests", "UnitTests", "{8E5A70FD-543A-4F21-A533-9A2D1EFEE7E9}"
EndProject
Project("{9A19103F-16F7-4668-BE54-9A1E7A4F7556}") = "TKE.SC.Common.Utilities", "Common\TKE.SC.Common.Utilities\TKE.SC.Common.Utilities.csproj", "{47233D2E-61DA-40F3-8122-58C99FF0396B}"
EndProject
Project("{9A19103F-16F7-4668-BE54-9A1E7A4F7556}") = "TKE.SC.Common.Database", "Common\TKE.SC.Common.Database\TKE.SC.Common.Database.csproj", "{9B40B772-61DC-4426-9AF7-B2A16AB91871}"
EndProject
Project("{2150E333-8FDC-42A3-9474-1A3956D46DE8}") = "PIPO", "PIPO", "{F68F633A-CA0E-4BE0-99BB-1F90A5DECA6C}"
EndProject
Project("{9A19103F-16F7-4668-BE54-9A1E7A4F7556}") = "TKE.SC.PIPO.Connector", "Services\PIPO\TKE.SC.PIPO.Connector\TKE.SC.PIPO.Connector.csproj", "{1AF62C21-A19E-41D5-AA52-DE50509B77B1}"
EndProject
Global
	GlobalSection(SolutionConfigurationPlatforms) = preSolution
		Debug|Any CPU = Debug|Any CPU
		Release|Any CPU = Release|Any CPU
	EndGlobalSection
	GlobalSection(ProjectConfigurationPlatforms) = postSolution
		{434E1795-B217-404A-B90E-2FCCF13D2CA2}.Debug|Any CPU.ActiveCfg = Debug|Any CPU
		{434E1795-B217-404A-B90E-2FCCF13D2CA2}.Debug|Any CPU.Build.0 = Debug|Any CPU
		{434E1795-B217-404A-B90E-2FCCF13D2CA2}.Release|Any CPU.ActiveCfg = Release|Any CPU
		{434E1795-B217-404A-B90E-2FCCF13D2CA2}.Release|Any CPU.Build.0 = Release|Any CPU
		{0A33EB7E-0E02-4C30-B945-398A44CD6CCD}.Debug|Any CPU.ActiveCfg = Debug|Any CPU
		{0A33EB7E-0E02-4C30-B945-398A44CD6CCD}.Debug|Any CPU.Build.0 = Debug|Any CPU
		{0A33EB7E-0E02-4C30-B945-398A44CD6CCD}.Release|Any CPU.ActiveCfg = Release|Any CPU
		{0A33EB7E-0E02-4C30-B945-398A44CD6CCD}.Release|Any CPU.Build.0 = Release|Any CPU
		{AB9ECA74-4564-4F5D-ADA2-D8D081FDCCBC}.Debug|Any CPU.ActiveCfg = Debug|Any CPU
		{AB9ECA74-4564-4F5D-ADA2-D8D081FDCCBC}.Debug|Any CPU.Build.0 = Debug|Any CPU
		{AB9ECA74-4564-4F5D-ADA2-D8D081FDCCBC}.Release|Any CPU.ActiveCfg = Release|Any CPU
		{AB9ECA74-4564-4F5D-ADA2-D8D081FDCCBC}.Release|Any CPU.Build.0 = Release|Any CPU
		{3A594393-BD97-4CD5-B71C-6E3561E28EEF}.Debug|Any CPU.ActiveCfg = Debug|Any CPU
		{3A594393-BD97-4CD5-B71C-6E3561E28EEF}.Debug|Any CPU.Build.0 = Debug|Any CPU
		{3A594393-BD97-4CD5-B71C-6E3561E28EEF}.Release|Any CPU.ActiveCfg = Release|Any CPU
		{3A594393-BD97-4CD5-B71C-6E3561E28EEF}.Release|Any CPU.Build.0 = Release|Any CPU
		{722A3B8C-E517-4BB5-B1BE-D16304DD125D}.Debug|Any CPU.ActiveCfg = Debug|Any CPU
		{722A3B8C-E517-4BB5-B1BE-D16304DD125D}.Debug|Any CPU.Build.0 = Debug|Any CPU
		{722A3B8C-E517-4BB5-B1BE-D16304DD125D}.Release|Any CPU.ActiveCfg = Release|Any CPU
		{722A3B8C-E517-4BB5-B1BE-D16304DD125D}.Release|Any CPU.Build.0 = Release|Any CPU
		{C7524567-2D75-4FBB-814A-141BFC6E8D79}.Debug|Any CPU.ActiveCfg = Debug|Any CPU
		{C7524567-2D75-4FBB-814A-141BFC6E8D79}.Debug|Any CPU.Build.0 = Debug|Any CPU
		{C7524567-2D75-4FBB-814A-141BFC6E8D79}.Release|Any CPU.ActiveCfg = Release|Any CPU
		{C7524567-2D75-4FBB-814A-141BFC6E8D79}.Release|Any CPU.Build.0 = Release|Any CPU
		{FF1FE932-8C21-4916-AC4E-6AC169162F21}.Debug|Any CPU.ActiveCfg = Debug|Any CPU
		{FF1FE932-8C21-4916-AC4E-6AC169162F21}.Debug|Any CPU.Build.0 = Debug|Any CPU
		{FF1FE932-8C21-4916-AC4E-6AC169162F21}.Release|Any CPU.ActiveCfg = Release|Any CPU
		{FF1FE932-8C21-4916-AC4E-6AC169162F21}.Release|Any CPU.Build.0 = Release|Any CPU
		{817B2792-CEF2-4EE9-AB5D-441855F30F94}.Debug|Any CPU.ActiveCfg = Debug|Any CPU
		{817B2792-CEF2-4EE9-AB5D-441855F30F94}.Debug|Any CPU.Build.0 = Debug|Any CPU
		{817B2792-CEF2-4EE9-AB5D-441855F30F94}.Release|Any CPU.ActiveCfg = Release|Any CPU
		{817B2792-CEF2-4EE9-AB5D-441855F30F94}.Release|Any CPU.Build.0 = Release|Any CPU
		{6116AE9C-1D7F-466E-BB41-8D42732EC43C}.Debug|Any CPU.ActiveCfg = Debug|Any CPU
		{6116AE9C-1D7F-466E-BB41-8D42732EC43C}.Debug|Any CPU.Build.0 = Debug|Any CPU
		{6116AE9C-1D7F-466E-BB41-8D42732EC43C}.Release|Any CPU.ActiveCfg = Release|Any CPU
		{6116AE9C-1D7F-466E-BB41-8D42732EC43C}.Release|Any CPU.Build.0 = Release|Any CPU
		{04C99B68-48A0-4B29-A759-A0E623FCDB02}.Debug|Any CPU.ActiveCfg = Debug|Any CPU
		{04C99B68-48A0-4B29-A759-A0E623FCDB02}.Debug|Any CPU.Build.0 = Debug|Any CPU
		{04C99B68-48A0-4B29-A759-A0E623FCDB02}.Release|Any CPU.ActiveCfg = Release|Any CPU
		{04C99B68-48A0-4B29-A759-A0E623FCDB02}.Release|Any CPU.Build.0 = Release|Any CPU
		{902DDC2D-39E5-468A-837F-D0BC186BA055}.Debug|Any CPU.ActiveCfg = Debug|Any CPU
		{902DDC2D-39E5-468A-837F-D0BC186BA055}.Debug|Any CPU.Deploy.0 = Debug|Any CPU
		{902DDC2D-39E5-468A-837F-D0BC186BA055}.Release|Any CPU.ActiveCfg = Release|Any CPU
		{902DDC2D-39E5-468A-837F-D0BC186BA055}.Release|Any CPU.Deploy.0 = Release|Any CPU
		{9D29C5C5-6183-4161-AF94-0CBE6E1006A6}.Debug|Any CPU.ActiveCfg = Debug|Any CPU
		{9D29C5C5-6183-4161-AF94-0CBE6E1006A6}.Debug|Any CPU.Build.0 = Debug|Any CPU
		{9D29C5C5-6183-4161-AF94-0CBE6E1006A6}.Release|Any CPU.ActiveCfg = Release|Any CPU
		{9D29C5C5-6183-4161-AF94-0CBE6E1006A6}.Release|Any CPU.Build.0 = Release|Any CPU
		{1B39B172-98B5-4230-8330-EDF41054A44A}.Debug|Any CPU.ActiveCfg = Debug|Any CPU
		{1B39B172-98B5-4230-8330-EDF41054A44A}.Debug|Any CPU.Build.0 = Debug|Any CPU
		{1B39B172-98B5-4230-8330-EDF41054A44A}.Release|Any CPU.ActiveCfg = Release|Any CPU
		{1B39B172-98B5-4230-8330-EDF41054A44A}.Release|Any CPU.Build.0 = Release|Any CPU
		{6E3EEDF3-3113-40A6-920C-86C499151524}.Debug|Any CPU.ActiveCfg = Debug|Any CPU
		{6E3EEDF3-3113-40A6-920C-86C499151524}.Debug|Any CPU.Build.0 = Debug|Any CPU
		{6E3EEDF3-3113-40A6-920C-86C499151524}.Release|Any CPU.ActiveCfg = Release|Any CPU
		{6E3EEDF3-3113-40A6-920C-86C499151524}.Release|Any CPU.Build.0 = Release|Any CPU
		{05B7EA0B-E773-4E5D-BA0E-79C95498A428}.Debug|Any CPU.ActiveCfg = Debug|Any CPU
		{05B7EA0B-E773-4E5D-BA0E-79C95498A428}.Debug|Any CPU.Build.0 = Debug|Any CPU
		{05B7EA0B-E773-4E5D-BA0E-79C95498A428}.Release|Any CPU.ActiveCfg = Release|Any CPU
		{05B7EA0B-E773-4E5D-BA0E-79C95498A428}.Release|Any CPU.Build.0 = Release|Any CPU
		{47233D2E-61DA-40F3-8122-58C99FF0396B}.Debug|Any CPU.ActiveCfg = Debug|Any CPU
		{47233D2E-61DA-40F3-8122-58C99FF0396B}.Debug|Any CPU.Build.0 = Debug|Any CPU
		{47233D2E-61DA-40F3-8122-58C99FF0396B}.Release|Any CPU.ActiveCfg = Release|Any CPU
		{47233D2E-61DA-40F3-8122-58C99FF0396B}.Release|Any CPU.Build.0 = Release|Any CPU
		{9B40B772-61DC-4426-9AF7-B2A16AB91871}.Debug|Any CPU.ActiveCfg = Debug|Any CPU
		{9B40B772-61DC-4426-9AF7-B2A16AB91871}.Debug|Any CPU.Build.0 = Debug|Any CPU
		{9B40B772-61DC-4426-9AF7-B2A16AB91871}.Release|Any CPU.ActiveCfg = Release|Any CPU
		{9B40B772-61DC-4426-9AF7-B2A16AB91871}.Release|Any CPU.Build.0 = Release|Any CPU
		{1AF62C21-A19E-41D5-AA52-DE50509B77B1}.Debug|Any CPU.ActiveCfg = Debug|Any CPU
		{1AF62C21-A19E-41D5-AA52-DE50509B77B1}.Debug|Any CPU.Build.0 = Debug|Any CPU
		{1AF62C21-A19E-41D5-AA52-DE50509B77B1}.Release|Any CPU.ActiveCfg = Release|Any CPU
		{1AF62C21-A19E-41D5-AA52-DE50509B77B1}.Release|Any CPU.Build.0 = Release|Any CPU
	EndGlobalSection
	GlobalSection(SolutionProperties) = preSolution
		HideSolutionNode = FALSE
	EndGlobalSection
	GlobalSection(NestedProjects) = preSolution
		{434E1795-B217-404A-B90E-2FCCF13D2CA2} = {77927B10-C168-4929-9458-5C4050A066A5}
		{0A33EB7E-0E02-4C30-B945-398A44CD6CCD} = {7C517C67-007C-4BE6-911D-5D868DB926A1}
		{F5D54745-1839-44A2-991F-A6E84D5E4457} = {77927B10-C168-4929-9458-5C4050A066A5}
		{563AF395-3803-4CFF-B42F-2C73CE8653D6} = {F5D54745-1839-44A2-991F-A6E84D5E4457}
		{BF4D31F3-F860-45D9-9A71-CA5B4E76CFEA} = {F5D54745-1839-44A2-991F-A6E84D5E4457}
		{AD653212-266B-4201-9965-A7CD59482522} = {F5D54745-1839-44A2-991F-A6E84D5E4457}
		{AB9ECA74-4564-4F5D-ADA2-D8D081FDCCBC} = {563AF395-3803-4CFF-B42F-2C73CE8653D6}
		{3A594393-BD97-4CD5-B71C-6E3561E28EEF} = {BF4D31F3-F860-45D9-9A71-CA5B4E76CFEA}
		{722A3B8C-E517-4BB5-B1BE-D16304DD125D} = {AD653212-266B-4201-9965-A7CD59482522}
		{AC4CB610-758F-4673-87EF-39D4EEED089D} = {77927B10-C168-4929-9458-5C4050A066A5}
		{4110D1B1-EE41-4447-9919-113956E28352} = {AC4CB610-758F-4673-87EF-39D4EEED089D}
		{F3654D66-C3C0-46F4-B70E-D738A3E3DF7F} = {AC4CB610-758F-4673-87EF-39D4EEED089D}
		{5D7B6E9F-F994-4E5A-9680-3CD167EFCE8C} = {AC4CB610-758F-4673-87EF-39D4EEED089D}
		{C7524567-2D75-4FBB-814A-141BFC6E8D79} = {4110D1B1-EE41-4447-9919-113956E28352}
		{FF1FE932-8C21-4916-AC4E-6AC169162F21} = {F3654D66-C3C0-46F4-B70E-D738A3E3DF7F}
		{817B2792-CEF2-4EE9-AB5D-441855F30F94} = {5D7B6E9F-F994-4E5A-9680-3CD167EFCE8C}
		{6116AE9C-1D7F-466E-BB41-8D42732EC43C} = {7C517C67-007C-4BE6-911D-5D868DB926A1}
		{04C99B68-48A0-4B29-A759-A0E623FCDB02} = {8E5A70FD-543A-4F21-A533-9A2D1EFEE7E9}
		{ED99E2D2-FFE8-4E67-9F4E-6F87E1E75BB1} = {77927B10-C168-4929-9458-5C4050A066A5}
		{902DDC2D-39E5-468A-837F-D0BC186BA055} = {ED99E2D2-FFE8-4E67-9F4E-6F87E1E75BB1}
		{FA446028-E737-42A3-AEEE-360C7C0D673C} = {7BEBFDEA-63C4-46A9-943E-F70211F8199A}
		{9D29C5C5-6183-4161-AF94-0CBE6E1006A6} = {FA446028-E737-42A3-AEEE-360C7C0D673C}
		{1B39B172-98B5-4230-8330-EDF41054A44A} = {C83BF9B5-AEC3-4286-B0D8-96C298D881DD}
		{C83BF9B5-AEC3-4286-B0D8-96C298D881DD} = {FA446028-E737-42A3-AEEE-360C7C0D673C}
		{F9987BFB-ABF7-447D-BC8C-3C9B88A0E8F0} = {FA446028-E737-42A3-AEEE-360C7C0D673C}
		{6E3EEDF3-3113-40A6-920C-86C499151524} = {F9987BFB-ABF7-447D-BC8C-3C9B88A0E8F0}
		{3A0821D0-7AFF-4FBC-B8D3-F7D87E7293D0} = {7BEBFDEA-63C4-46A9-943E-F70211F8199A}
		{05B7EA0B-E773-4E5D-BA0E-79C95498A428} = {3A0821D0-7AFF-4FBC-B8D3-F7D87E7293D0}
		{77927B10-C168-4929-9458-5C4050A066A5} = {7BEBFDEA-63C4-46A9-943E-F70211F8199A}
		{8E5A70FD-543A-4F21-A533-9A2D1EFEE7E9} = {77927B10-C168-4929-9458-5C4050A066A5}
		{47233D2E-61DA-40F3-8122-58C99FF0396B} = {7C517C67-007C-4BE6-911D-5D868DB926A1}
		{9B40B772-61DC-4426-9AF7-B2A16AB91871} = {7C517C67-007C-4BE6-911D-5D868DB926A1}
		{F68F633A-CA0E-4BE0-99BB-1F90A5DECA6C} = {7BEBFDEA-63C4-46A9-943E-F70211F8199A}
		{1AF62C21-A19E-41D5-AA52-DE50509B77B1} = {F68F633A-CA0E-4BE0-99BB-1F90A5DECA6C}
	EndGlobalSection
	GlobalSection(ExtensibilityGlobals) = postSolution
		SolutionGuid = {8DB68B7F-31C2-4A26-86AC-F5C5E4EAA427}
	EndGlobalSection
EndGlobal
